Microsoft Visual Studio Solution File, Format Version 12.00
# Visual Studio Version 17
VisualStudioVersion = 17.5.2.0
MinimumVisualStudioVersion = 10.0.40219.1
Project("{FAE04EC0-301F-11D3-BF4B-00C04F79EFBC}") = "SynapseLinkAutomations", "SynapseLinkAutomations\SynapseLinkAutomations.csproj", "{36FFD960-AD88-DE85-BAD2-872ED5BA2E4B}"
EndProject
Global
	GlobalSection(SolutionConfigurationPlatforms) = preSolution
		Debug|Any CPU = Debug|Any CPU
		Release|Any CPU = Release|Any CPU
	EndGlobalSection
	GlobalSection(ProjectConfigurationPlatforms) = postSolution
		{36FFD960-AD88-DE85-BAD2-872ED5BA2E4B}.Debug|Any CPU.ActiveCfg = Debug|Any CPU
		{36FFD960-AD88-DE85-BAD2-872ED5BA2E4B}.Debug|Any CPU.Build.0 = Debug|Any CPU
		{36FFD960-AD88-DE85-BAD2-872ED5BA2E4B}.Release|Any CPU.ActiveCfg = Release|Any CPU
		{36FFD960-AD88-DE85-BAD2-872ED5BA2E4B}.Release|Any CPU.Build.0 = Release|Any CPU
	EndGlobalSection
	GlobalSection(SolutionProperties) = preSolution
		HideSolutionNode = FALSE
	EndGlobalSection
	GlobalSection(ExtensibilityGlobals) = postSolution
		SolutionGuid = {ED6156E6-BA79-42AE-8E8A-6C60CD4C6E14}
	EndGlobalSection
EndGlobal
